# This file is automatically generated by cargo-component.
# It is not intended for manual editing.
version = 1

[[package]]
name = "wavs:aggregator"

[[package.version]]
requirement = "^0.6.0-alpha.12"
version = "0.6.0-alpha.15"
digest = "sha256:eb3b806485f3e7eca94f8355c44b59594009735d6e033bad8dc38ab5c32ddfe0"
